
Microsoft Visual Studio Solution File, Format Version 12.00
# Visual Studio Version 16
VisualStudioVersion = 16.0.30309.148
MinimumVisualStudioVersion = 10.0.40219.1
Project("{FAE04EC0-301F-11D3-BF4B-00C04F79EFBC}") = "AspNetGroupBasedPermissions", "AspNetGroupBasedPermissions\AspNetGroupBasedPermissions.csproj", "{D7ADA016-6E82-4F70-B6CF-B687A3B6F6EA}"
EndProject
Project("{FAE04EC0-301F-11D3-BF4B-00C04F79EFBC}") = "DataLayer", "DataLayer\DataLayer.csproj", "{264E1878-12DE-4099-B8D7-CC53A73FEA49}"
EndProject
Project("{FAE04EC0-301F-11D3-BF4B-00C04F79EFBC}") = "ServiceLayer", "ServiceLayer\ServiceLayer.csproj", "{D2813927-0F38-43C3-B47C-AE8F00D50CAE}"
EndProject
Global
	GlobalSection(SolutionConfigurationPlatforms) = preSolution
		AzureRelease|Any CPU = AzureRelease|Any CPU
		Debug|Any CPU = Debug|Any CPU
		Release|Any CPU = Release|Any CPU
		ReleaseAzure|Any CPU = ReleaseAzure|Any CPU
		WebWizRelease|Any CPU = WebWizRelease|Any CPU
	EndGlobalSection
	GlobalSection(ProjectConfigurationPlatforms) = postSolution
		{D7ADA016-6E82-4F70-B6CF-B687A3B6F6EA}.AzureRelease|Any CPU.ActiveCfg = AzureRelease|Any CPU
		{D7ADA016-6E82-4F70-B6CF-B687A3B6F6EA}.AzureRelease|Any CPU.Build.0 = AzureRelease|Any CPU
		{D7ADA016-6E82-4F70-B6CF-B687A3B6F6EA}.Debug|Any CPU.ActiveCfg = Debug|Any CPU
		{D7ADA016-6E82-4F70-B6CF-B687A3B6F6EA}.Debug|Any CPU.Build.0 = Debug|Any CPU
		{D7ADA016-6E82-4F70-B6CF-B687A3B6F6EA}.Release|Any CPU.ActiveCfg = Release|Any CPU
		{D7ADA016-6E82-4F70-B6CF-B687A3B6F6EA}.Release|Any CPU.Build.0 = Release|Any CPU
		{D7ADA016-6E82-4F70-B6CF-B687A3B6F6EA}.ReleaseAzure|Any CPU.ActiveCfg = ReleaseAzure|Any CPU
		{D7ADA016-6E82-4F70-B6CF-B687A3B6F6EA}.ReleaseAzure|Any CPU.Build.0 = ReleaseAzure|Any CPU
		{D7ADA016-6E82-4F70-B6CF-B687A3B6F6EA}.WebWizRelease|Any CPU.ActiveCfg = WebWizRelease|Any CPU
		{D7ADA016-6E82-4F70-B6CF-B687A3B6F6EA}.WebWizRelease|Any CPU.Build.0 = WebWizRelease|Any CPU
		{264E1878-12DE-4099-B8D7-CC53A73FEA49}.AzureRelease|Any CPU.ActiveCfg = AzureRelease|Any CPU
		{264E1878-12DE-4099-B8D7-CC53A73FEA49}.AzureRelease|Any CPU.Build.0 = AzureRelease|Any CPU
		{264E1878-12DE-4099-B8D7-CC53A73FEA49}.Debug|Any CPU.ActiveCfg = Debug|Any CPU
		{264E1878-12DE-4099-B8D7-CC53A73FEA49}.Debug|Any CPU.Build.0 = Debug|Any CPU
		{264E1878-12DE-4099-B8D7-CC53A73FEA49}.Release|Any CPU.ActiveCfg = Release|Any CPU
		{264E1878-12DE-4099-B8D7-CC53A73FEA49}.Release|Any CPU.Build.0 = Release|Any CPU
		{264E1878-12DE-4099-B8D7-CC53A73FEA49}.ReleaseAzure|Any CPU.ActiveCfg = ReleaseAzure|Any CPU
		{264E1878-12DE-4099-B8D7-CC53A73FEA49}.ReleaseAzure|Any CPU.Build.0 = ReleaseAzure|Any CPU
		{264E1878-12DE-4099-B8D7-CC53A73FEA49}.WebWizRelease|Any CPU.ActiveCfg = WebWizRelease|Any CPU
		{264E1878-12DE-4099-B8D7-CC53A73FEA49}.WebWizRelease|Any CPU.Build.0 = WebWizRelease|Any CPU
		{D2813927-0F38-43C3-B47C-AE8F00D50CAE}.AzureRelease|Any CPU.ActiveCfg = AzureRelease|Any CPU
		{D2813927-0F38-43C3-B47C-AE8F00D50CAE}.AzureRelease|Any CPU.Build.0 = AzureRelease|Any CPU
		{D2813927-0F38-43C3-B47C-AE8F00D50CAE}.Debug|Any CPU.ActiveCfg = Debug|Any CPU
		{D2813927-0F38-43C3-B47C-AE8F00D50CAE}.Debug|Any CPU.Build.0 = Debug|Any CPU
		{D2813927-0F38-43C3-B47C-AE8F00D50CAE}.Release|Any CPU.ActiveCfg = Release|Any CPU
		{D2813927-0F38-43C3-B47C-AE8F00D50CAE}.Release|Any CPU.Build.0 = Release|Any CPU
		{D2813927-0F38-43C3-B47C-AE8F00D50CAE}.ReleaseAzure|Any CPU.ActiveCfg = ReleaseAzure|Any CPU
		{D2813927-0F38-43C3-B47C-AE8F00D50CAE}.ReleaseAzure|Any CPU.Build.0 = ReleaseAzure|Any CPU
		{D2813927-0F38-43C3-B47C-AE8F00D50CAE}.WebWizRelease|Any CPU.ActiveCfg = WebWizRelease|Any CPU
		{D2813927-0F38-43C3-B47C-AE8F00D50CAE}.WebWizRelease|Any CPU.Build.0 = WebWizRelease|Any CPU
	EndGlobalSection
	GlobalSection(SolutionProperties) = preSolution
		HideSolutionNode = FALSE
	EndGlobalSection
	GlobalSection(ExtensibilityGlobals) = postSolution
		SolutionGuid = {7AAA2803-F032-42B9-857E-7AF5C77E0958}
	EndGlobalSection
EndGlobal
